
Microsoft Visual Studio Solution File, Format Version 12.00
# Visual Studio Version 17
VisualStudioVersion = 17.10.35122.118
MinimumVisualStudioVersion = 10.0.40219.1
Project("{FAE04EC0-301F-11D3-BF4B-00C04F79EFBC}") = "Tripper", "Tripper\Tripper.csproj", "{37F618E3-D9E4-4365-8D5B-0ADFBD8E4691}"
EndProject
Global
	GlobalSection(SolutionConfigurationPlatforms) = preSolution
		Debug|Any CPU = Debug|Any CPU
		Release|Any CPU = Release|Any CPU
	EndGlobalSection
	GlobalSection(ProjectConfigurationPlatforms) = postSolution
		{37F618E3-D9E4-4365-8D5B-0ADFBD8E4691}.Debug|Any CPU.ActiveCfg = Debug|Any CPU
		{37F618E3-D9E4-4365-8D5B-0ADFBD8E4691}.Debug|Any CPU.Build.0 = Debug|Any CPU
		{37F618E3-D9E4-4365-8D5B-0ADFBD8E4691}.Debug|Any CPU.Deploy.0 = Debug|Any CPU
		{37F618E3-D9E4-4365-8D5B-0ADFBD8E4691}.Release|Any CPU.ActiveCfg = Release|Any CPU
		{37F618E3-D9E4-4365-8D5B-0ADFBD8E4691}.Release|Any CPU.Build.0 = Release|Any CPU
		{37F618E3-D9E4-4365-8D5B-0ADFBD8E4691}.Release|Any CPU.Deploy.0 = Release|Any CPU
	EndGlobalSection
	GlobalSection(SolutionProperties) = preSolution
		HideSolutionNode = FALSE
	EndGlobalSection
	GlobalSection(ExtensibilityGlobals) = postSolution
		SolutionGuid = {1BFC030D-0B1D-479D-8743-2377DDA8E7F7}
	EndGlobalSection
EndGlobal
